{"adb":{"commit":"b1b3b0ccba49f05f7c54e566945652f7150cbd4a","repo":"urie96/adb.lazydeck","url":"https://github.com/urie96/adb.lazydeck.git"},"aria2":{"commit":"5815a7f102f53f468950cd6256d7b88f9d369999","repo":"urie96/aria2.lazydeck","url":"https://github.com/urie96/aria2.lazydeck.git"},"docker":{"commit":"88096af4cf98d6ce921f77b64ea3839c44c15044","repo":"urie96/docker.lazydeck","url":"https://github.com/urie96/docker.lazydeck.git"},"file":{"commit":"f34ed6a7a9d2242a74a2e8eb0cf5fada7e9e8377","repo":"urie96/file.lazydeck","url":"https://github.com/urie96/file.lazydeck.git"},"freshrss":{"commit":"0ab1db608efb4a58ace20b39c768421948385f73","repo":"urie96/freshrss.lazydeck","url":"https://github.com/urie96/freshrss.lazydeck.git"},"github":{"commit":"ccddf959b664ba6546d5ec0f82e1405de2e9334f","repo":"urie96/github.lazydeck","url":"https://github.com/urie96/github.lazydeck.git"},"himalaya":{"commit":"3cb6420fb9b3ad39075b8d3469f070643df7fd28","repo":"urie96/himalaya.lazydeck","url":"https://github.com/urie96/himalaya.lazydeck.git"},"launchd":{"commit":"420a5111994f1fc47ae350062d7a88e98b230915","repo":"urie96/launchd.lazydeck","url":"https://github.com/urie96/launchd.lazydeck.git"},"memos":{"commit":"58811e9f314afe30062a68e632c72c4ea9667337","repo":"urie96/memos.lazydeck","url":"https://github.com/urie96/memos.lazydeck.git"},"mpv":{"commit":"554970b9f114573e3e2d36875442562ab85cc61e","repo":"urie96/mpv.lazydeck","url":"https://github.com/urie96/mpv.lazydeck.git"},"music":{"commit":"6260675d4a98bcac2e19e776fdb88264ccd89543","repo":"urie96/music.lazydeck","url":"https://github.com/urie96/music.lazydeck.git"},"netease-music":{"commit":"4e6bce0bfec14842299905dc01b158f72b443b0f","repo":"urie96/netease-music.lazydeck","url":"https://github.com/urie96/netease-music.lazydeck.git"},"opensubsonic":{"commit":"bf9328bfb43ae43604a416452bd93a8cc61a9d77","repo":"urie96/opensubsonic.lazydeck","url":"https://github.com/urie96/opensubsonic.lazydeck.git"},"process":{"commit":"9190d5db55a1bdb1a6201ca1ac733c3b87b51324","repo":"urie96/process.lazydeck","url":"https://github.com/urie96/process.lazydeck.git"},"promise":{"commit":"bbfe23869d631251ac2301566a2015d38570b674","repo":"urie96/promise.lazydeck","url":"https://github.com/urie96/promise.lazydeck.git"},"quick-access-tools":{"commit":"8db677ff4dd1075b976b75c82486e286e2213640","repo":"urie96/quick-access-tools.lazydeck","url":"https://github.com/urie96/quick-access-tools.lazydeck.git"},"sftp":{"commit":"9d3b49631b08c74f149588f0fad9e17da6cf9c0d","repo":"urie96/sftp.lazydeck","url":"https://github.com/urie96/sftp.lazydeck.git"},"systemd":{"commit":"5e955aeedfe83b11a2d2eec100285d8b0ba8f013","repo":"urie96/systemd.lazydeck","url":"https://github.com/urie96/systemd.lazydeck.git"}}