{"adb":{"commit":"784d29b53816a1705110c5caa1b9116757ce72d6","repo":"urie96/adb.lazydeck","url":"https://github.com/urie96/adb.lazydeck.git"},"ai":{"commit":"65df4a01b7dc1dd0ce0e24b2e2a485e0c1186114","repo":"urie96/ai.lazydeck","url":"https://github.com/urie96/ai.lazydeck.git"},"aria2":{"commit":"2f728d7f544620b85b2d16344d15dbf49910224e","repo":"urie96/aria2.lazydeck","url":"https://github.com/urie96/aria2.lazydeck.git"},"audiobookshelf":{"commit":"205c7ff53392076f712e8d5774fe136bd2010b28","repo":"urie96/audiobookshelf.lazydeck","url":"https://github.com/urie96/audiobookshelf.lazydeck.git"},"bookmarks":{"commit":"b3ba75dac0730623006d63046857e8c88e63df87","repo":"urie96/bookmarks.lazydeck","url":"https://github.com/urie96/bookmarks.lazydeck.git"},"docker":{"commit":"9f08f1b04e5d8aa0e9d97daa53c1899d6568aa8e","repo":"urie96/docker.lazydeck","url":"https://github.com/urie96/docker.lazydeck.git"},"file":{"commit":"3ca4ff70af3dc4fd7ac1352432a545195ed8fe34","repo":"urie96/file.lazydeck","url":"https://github.com/urie96/file.lazydeck.git"},"freshrss":{"commit":"5dd93b052d092227705256c18a68b1ebae0f3e0a","repo":"urie96/freshrss.lazydeck","url":"https://github.com/urie96/freshrss.lazydeck.git"},"github":{"commit":"7c374a44c0819abf95a9f4d89210e27b0e611219","repo":"urie96/github.lazydeck","url":"https://github.com/urie96/github.lazydeck.git"},"hackernews":{"commit":"60207d52c6e546ff6825a5c4e76f6ea2e6e5de3c","repo":"urie96/hackernews.lazydeck","url":"https://github.com/urie96/hackernews.lazydeck.git"},"himalaya":{"commit":"3bae78d44ddd03201adbf242fcade75c0f237518","repo":"urie96/himalaya.lazydeck","url":"https://github.com/urie96/himalaya.lazydeck.git"},"launchd":{"commit":"a1f351dbb5fc6381ad1bb095e88ed55019dfa40f","repo":"urie96/launchd.lazydeck","url":"https://github.com/urie96/launchd.lazydeck.git"},"memos":{"commit":"e15c0ed2bb85d0eecf71b5748c8817c199063b1f","repo":"urie96/memos.lazydeck","url":"https://github.com/urie96/memos.lazydeck.git"},"mpv":{"commit":"554970b9f114573e3e2d36875442562ab85cc61e","repo":"urie96/mpv.lazydeck","url":"https://github.com/urie96/mpv.lazydeck.git"},"music":{"commit":"d45a86a9b86227a0f820d2bb35edca2778aca4d6","repo":"urie96/music.lazydeck","url":"https://github.com/urie96/music.lazydeck.git"},"netease-music":{"commit":"4bd502e90922ade899e98c79f81d703c155935aa","repo":"urie96/netease-music.lazydeck","url":"https://github.com/urie96/netease-music.lazydeck.git"},"notification-history":{"commit":"ea07ebb3b1874dde7499c5407ad95e3738c96cc5","repo":"urie96/notification-history.lazydeck","url":"https://github.com/urie96/notification-history.lazydeck.git"},"notmuch":{"commit":"1b5e328078e7a6e5698653847d0c70f0c37bf5da","repo":"urie96/notmuch.lazydeck","url":"https://github.com/urie96/notmuch.lazydeck.git"},"opensubsonic":{"commit":"0fa108fccf356388959af671626e4ff088c1483c","repo":"urie96/opensubsonic.lazydeck","url":"https://github.com/urie96/opensubsonic.lazydeck.git"},"process":{"commit":"d42894babdfb1489db781fbb75a0addd8d28f980","repo":"urie96/process.lazydeck","url":"https://github.com/urie96/process.lazydeck.git"},"promise":{"commit":"bbfe23869d631251ac2301566a2015d38570b674","repo":"urie96/promise.lazydeck","url":"https://github.com/urie96/promise.lazydeck.git"},"quick-access-tools":{"commit":"47424bb43beb351139dfb964f8200d931f0f3875","repo":"urie96/quick-access-tools.lazydeck","url":"https://github.com/urie96/quick-access-tools.lazydeck.git"},"rclone":{"commit":"44f677749bea3c1932b177c93f549b95aaf481e0","repo":"urie96/rclone.lazydeck","url":"https://github.com/urie96/rclone.lazydeck.git"},"sftp":{"commit":"27ed9d037cd98db030641202a1ce7a1009000fce","repo":"urie96/sftp.lazydeck","url":"https://github.com/urie96/sftp.lazydeck.git"},"systemd":{"commit":"8b3b065eb367504eae20a146a075a462a678072d","repo":"urie96/systemd.lazydeck","url":"https://github.com/urie96/systemd.lazydeck.git"},"translate":{"commit":"ddc68b64b3bb88a4c573323f2bf1f86b92c3544f","repo":"urie96/translate.lazydeck","url":"https://github.com/urie96/translate.lazydeck.git"}}