{"adb":{"commit":"1a436aa10afb74f13af0bf166caee9418b9ca293","repo":"urie96/adb.lazydeck","url":"https://github.com/urie96/adb.lazydeck.git"},"aria2":{"commit":"0c9b351c69cbe87f67542e18377be2a9c79b4f96","repo":"urie96/aria2.lazydeck","url":"https://github.com/urie96/aria2.lazydeck.git"},"audiobookshelf":{"commit":"205c7ff53392076f712e8d5774fe136bd2010b28","repo":"urie96/audiobookshelf.lazydeck","url":"https://github.com/urie96/audiobookshelf.lazydeck.git"},"bookmarks":{"commit":"b3ba75dac0730623006d63046857e8c88e63df87","repo":"urie96/bookmarks.lazydeck","url":"https://github.com/urie96/bookmarks.lazydeck.git"},"docker":{"commit":"666303ff51f9183f16b4b417c60cbd7733b3973e","repo":"urie96/docker.lazydeck","url":"https://github.com/urie96/docker.lazydeck.git"},"file":{"commit":"0bc712b3e12bd7a36129e5c073542f12dd9ce2ff","repo":"urie96/file.lazydeck","url":"https://github.com/urie96/file.lazydeck.git"},"freshrss":{"commit":"f415211dd736dea4143db9605cb566a7d5cac0d9","repo":"urie96/freshrss.lazydeck","url":"https://github.com/urie96/freshrss.lazydeck.git"},"github":{"commit":"85da6e8c48a0ef05dad5e8ae7e55f4d9ab0589ec","repo":"urie96/github.lazydeck","url":"https://github.com/urie96/github.lazydeck.git"},"hackernews":{"commit":"d103ef91b63ef4d214f004ecdc65f5d457a0d90d","repo":"urie96/hackernews.lazydeck","url":"https://github.com/urie96/hackernews.lazydeck.git"},"himalaya":{"commit":"3bae78d44ddd03201adbf242fcade75c0f237518","repo":"urie96/himalaya.lazydeck","url":"https://github.com/urie96/himalaya.lazydeck.git"},"launchd":{"commit":"0480949cb6e9ba0e2a4a8149bc0f5b1276a35d43","repo":"urie96/launchd.lazydeck","url":"https://github.com/urie96/launchd.lazydeck.git"},"memos":{"commit":"6ca7262dbfc15d50358c55e5e7a09dad6e9e7b0d","repo":"urie96/memos.lazydeck","url":"https://github.com/urie96/memos.lazydeck.git"},"mpv":{"commit":"554970b9f114573e3e2d36875442562ab85cc61e","repo":"urie96/mpv.lazydeck","url":"https://github.com/urie96/mpv.lazydeck.git"},"music":{"commit":"4cd14d60040d599166ae5365b594c40fb52a6a42","repo":"urie96/music.lazydeck","url":"https://github.com/urie96/music.lazydeck.git"},"netease-music":{"commit":"e3a12f5a2b91e857bc85ef815195bb1829068392","repo":"urie96/netease-music.lazydeck","url":"https://github.com/urie96/netease-music.lazydeck.git"},"opensubsonic":{"commit":"0fa108fccf356388959af671626e4ff088c1483c","repo":"urie96/opensubsonic.lazydeck","url":"https://github.com/urie96/opensubsonic.lazydeck.git"},"process":{"commit":"dc424c72fad95fea7cd2f0a3934d00901791aae8","repo":"urie96/process.lazydeck","url":"https://github.com/urie96/process.lazydeck.git"},"promise":{"commit":"bbfe23869d631251ac2301566a2015d38570b674","repo":"urie96/promise.lazydeck","url":"https://github.com/urie96/promise.lazydeck.git"},"quick-access-tools":{"commit":"3a83c68674ecec347ec9290f8545d0dcc3a852b6","repo":"urie96/quick-access-tools.lazydeck","url":"https://github.com/urie96/quick-access-tools.lazydeck.git"},"rclone":{"commit":"b6a349938d0d65eee3ce911898254806ee90dc57","repo":"urie96/rclone.lazydeck","url":"https://github.com/urie96/rclone.lazydeck.git"},"sftp":{"commit":"27ed9d037cd98db030641202a1ce7a1009000fce","repo":"urie96/sftp.lazydeck","url":"https://github.com/urie96/sftp.lazydeck.git"},"systemd":{"commit":"0409096636c46f5fcfbc2182ed19b961edb0aac7","repo":"urie96/systemd.lazydeck","url":"https://github.com/urie96/systemd.lazydeck.git"}}