{"adb":{"commit":"c11b13ffe97e99eee986878f8bb5bd0f2097fb18","repo":"urie96/adb.lazycmd","url":"https://github.com/urie96/adb.lazycmd.git"},"aria2":{"commit":"0a0c362f144c2ebcb06d8590ae4b4bdaaaac5e5d","repo":"urie96/aria2.lazycmd","url":"https://github.com/urie96/aria2.lazycmd.git"},"docker":{"commit":"938bb02fa2494b95c9d669f4c1490425f8cb1eb3","repo":"urie96/docker.lazycmd","url":"https://github.com/urie96/docker.lazycmd.git"},"file":{"commit":"de50962e49094192b037467c8d07a36d6a626b17","repo":"urie96/file.lazycmd","url":"https://github.com/urie96/file.lazycmd.git"},"freshrss":{"commit":"7fb2dbea9aa03853f16883bad7bb49d258804417","repo":"urie96/freshrss.lazycmd","url":"https://github.com/urie96/freshrss.lazycmd.git"},"himalaya":{"commit":"08af17893b946d9bd4851b204ccb87d9d8eec3c3","repo":"urie96/himalaya.lazycmd","url":"https://github.com/urie96/himalaya.lazycmd.git"},"launchd":{"commit":"d2cbd0876d1d8ccfa3caa0d5c9692742de5ead76","repo":"urie96/launchd.lazycmd","url":"https://github.com/urie96/launchd.lazycmd.git"},"memos":{"commit":"4c3d2e37eee6b68ff76e4c65b2512347377d7dbd","repo":"urie96/memos.lazycmd","url":"https://github.com/urie96/memos.lazycmd.git"},"mpv":{"commit":"86007e6807648c122c366f5984c4c9241b25a145","repo":"urie96/mpv.lazycmd","url":"https://github.com/urie96/mpv.lazycmd.git"},"opensubsonic":{"commit":"624ec06ba9053162acf9d854002d01d54be4cb45","repo":"urie96/opensubsonic.lazycmd","url":"https://github.com/urie96/opensubsonic.lazycmd.git"},"process":{"commit":"39b6fffd06a6472b4db63bb06f8e914a5d0b624a","repo":"urie96/process.lazycmd","url":"https://github.com/urie96/process.lazycmd.git"},"promise":{"commit":"bbfe23869d631251ac2301566a2015d38570b674","repo":"urie96/promise.lazycmd","url":"https://github.com/urie96/promise.lazycmd.git"},"quick-access-tools":{"commit":"1bc0a4429693feb88b0effd995354d8cb850138e","repo":"urie96/quick-access-tools.lazycmd","url":"https://github.com/urie96/quick-access-tools.lazycmd.git"},"sftp":{"commit":"570807c79d36868e736228932b3a3da687240542","repo":"urie96/sftp.lazycmd","url":"https://github.com/urie96/sftp.lazycmd.git"},"systemd":{"commit":"0d2d91e5219f8ef1251f6781912075acbb9e899f","repo":"urie96/systemd.lazycmd","url":"https://github.com/urie96/systemd.lazycmd.git"}}