{"adb":{"commit":"9ca913bb676bb8c6f52c6878d358e42e00be6ed5","repo":"urie96/adb.lazycmd","url":"https://github.com/urie96/adb.lazycmd.git"},"aria2":{"commit":"a7151ea61b2c08a5833425d9295715bcd4c0d83e","repo":"urie96/aria2.lazycmd","url":"https://github.com/urie96/aria2.lazycmd.git"},"docker":{"commit":"2a53fa409da7308b4b28d76311d8f7f50d468385","repo":"urie96/docker.lazycmd","url":"https://github.com/urie96/docker.lazycmd.git"},"file":{"commit":"3016ae2d7f40e0b42b80b874e1a838890da5318c","repo":"urie96/file.lazycmd","url":"https://github.com/urie96/file.lazycmd.git"},"freshrss":{"commit":"c806d4e36f4497e763c488a5e89fc3ab187e3f6a","repo":"urie96/freshrss.lazycmd","url":"https://github.com/urie96/freshrss.lazycmd.git"},"github":{"commit":"95da30eac8fa1a6f6571945d21d03290a6e304b6","repo":"urie96/github.lazycmd","url":"https://github.com/urie96/github.lazycmd.git"},"himalaya":{"commit":"253c0b338295e26029d8e88ea06b53e2a9fc921e","repo":"urie96/himalaya.lazycmd","url":"https://github.com/urie96/himalaya.lazycmd.git"},"launchd":{"commit":"2361c14483eae45be14e0d85c0db73381ef5a0a3","repo":"urie96/launchd.lazycmd","url":"https://github.com/urie96/launchd.lazycmd.git"},"memos":{"commit":"2778ed83143306517b1d4fb1789bdcd6a3aa7d76","repo":"urie96/memos.lazycmd","url":"https://github.com/urie96/memos.lazycmd.git"},"mpv":{"commit":"554970b9f114573e3e2d36875442562ab85cc61e","repo":"urie96/mpv.lazycmd","url":"https://github.com/urie96/mpv.lazycmd.git"},"netease-music":{"commit":"2e9febe2752caacd178bd9f4e4d16392314c9559","repo":"urie96/netease-music.lazycmd","url":"https://github.com/urie96/netease-music.lazycmd.git"},"opensubsonic":{"commit":"7aa5889ad1f7579427ae74e22984e1de4b0a8ae6","repo":"urie96/opensubsonic.lazycmd","url":"https://github.com/urie96/opensubsonic.lazycmd.git"},"process":{"commit":"3faa35fb46a3cfeee4bdc1b26340a0b460731b71","repo":"urie96/process.lazycmd","url":"https://github.com/urie96/process.lazycmd.git"},"promise":{"commit":"bbfe23869d631251ac2301566a2015d38570b674","repo":"urie96/promise.lazycmd","url":"https://github.com/urie96/promise.lazycmd.git"},"quick-access-tools":{"commit":"726d0a1a8a8eeba16ae16115581c63ddf69d3854","repo":"urie96/quick-access-tools.lazycmd","url":"https://github.com/urie96/quick-access-tools.lazycmd.git"},"sftp":{"commit":"570807c79d36868e736228932b3a3da687240542","repo":"urie96/sftp.lazycmd","url":"https://github.com/urie96/sftp.lazycmd.git"},"systemd":{"commit":"d36f0bf2783c3898d8a292306d6e096bd04c1c30","repo":"urie96/systemd.lazycmd","url":"https://github.com/urie96/systemd.lazycmd.git"}}